
Microsoft Visual Studio Solution File, Format Version 12.00
# Visual Studio Version 16
VisualStudioVersion = 16.0.28803.452
MinimumVisualStudioVersion = 10.0.40219.1
Project("{FAE04EC0-301F-11D3-BF4B-00C04F79EFBC}") = "WindowsFormsChap2may15th", "WindowsFormsChap2may15th\WindowsFormsChap2may15th.csproj", "{98FA6AAF-58B4-4F01-AF0F-71DE4A4A8D10}"
EndProject
Global
	GlobalSection(SolutionConfigurationPlatforms) = preSolution
		Debug|Any CPU = Debug|Any CPU
		Release|Any CPU = Release|Any CPU
	EndGlobalSection
	GlobalSection(ProjectConfigurationPlatforms) = postSolution
		{98FA6AAF-58B4-4F01-AF0F-71DE4A4A8D10}.Debug|Any CPU.ActiveCfg = Debug|Any CPU
		{98FA6AAF-58B4-4F01-AF0F-71DE4A4A8D10}.Debug|Any CPU.Build.0 = Debug|Any CPU
		{98FA6AAF-58B4-4F01-AF0F-71DE4A4A8D10}.Release|Any CPU.ActiveCfg = Release|Any CPU
		{98FA6AAF-58B4-4F01-AF0F-71DE4A4A8D10}.Release|Any CPU.Build.0 = Release|Any CPU
	EndGlobalSection
	GlobalSection(SolutionProperties) = preSolution
		HideSolutionNode = FALSE
	EndGlobalSection
	GlobalSection(ExtensibilityGlobals) = postSolution
		SolutionGuid = {5FCFC921-203B-4998-BD47-E401FDCE50EA}
	EndGlobalSection
EndGlobal
